<?xml version="1.0" encoding="utf-8"?>
<Project ToolsVersion="4.0" xmlns="http://schemas.microsoft.com/developer/msbuild/2003">
  <ItemGroup>
    <ClCompile Include="MainFrm.cpp" />
    <ClCompile Include="ProgressBar.cpp" />
    <ClCompile Include="ProgressDemo.cpp" />
    <ClCompile Include="ProgressDemoDoc.cpp" />
    <ClCompile Include="ProgressDemoView.cpp" />
    <ClCompile Include="StdAfx.cpp" />
  </ItemGroup>
  <ItemGroup>
    <ClInclude Include="MainFrm.h" />
    <ClInclude Include="ProgressBar.h" />
    <ClInclude Include="ProgressDemo.h" />
    <ClInclude Include="ProgressDemoDoc.h" />
    <ClInclude Include="ProgressDemoView.h" />
    <ClInclude Include="StdAfx.h" />
    <ClInclude Include="Resource.h">
      <Filter>Resource Files</Filter>
    </ClInclude>
  </ItemGroup>
  <ItemGroup>
    <CustomBuild Include="res\ProgressDemoDoc.ico" />
    <CustomBuild Include="res\ProgressDemo.rc2">
      <Filter>Resource Files</Filter>
    </CustomBuild>
    <CustomBuild Include="res\ProgressDemo.ico">
      <Filter>Resource Files</Filter>
    </CustomBuild>
    <CustomBuild Include="res\Toolbar.bmp">
      <Filter>Resource Files</Filter>
    </CustomBuild>
  </ItemGroup>
  <ItemGroup>
    <Filter Include="Resource Files">
      <UniqueIdentifier>{97c0ce97-21e8-4d63-8cbe-36337daf1286}</UniqueIdentifier>
    </Filter>
  </ItemGroup>
  <ItemGroup>
    <ResourceCompile Include="ProgressDemo.rc">
      <Filter>Resource Files</Filter>
    </ResourceCompile>
  </ItemGroup>
</Project>